
Microsoft Visual Studio Solution File, Format Version 12.00
# Visual Studio Version 16
VisualStudioVersion = 16.0.30204.135
MinimumVisualStudioVersion = 10.0.40219.1
Project("{FAE04EC0-301F-11D3-BF4B-00C04F79EFBC}") = "Shop.API", "Shop.API\Shop.API.csproj", "{95005E24-4B7C-44D3-B043-A6F7D6E745D1}"
EndProject
Project("{FAE04EC0-301F-11D3-BF4B-00C04F79EFBC}") = "Shop.BLL", "Shop.BLL\Shop.BLL.csproj", "{1D32CA26-83CE-4F24-8718-AC40257AA7C3}"
EndProject
Project("{FAE04EC0-301F-11D3-BF4B-00C04F79EFBC}") = "Shop.DAL", "SHop.DAL\Shop.DAL.csproj", "{8BB255FC-9E6C-49CB-A053-BCF0702E2622}"
EndProject
Global
	GlobalSection(SolutionConfigurationPlatforms) = preSolution
		Debug|Any CPU = Debug|Any CPU
		Release|Any CPU = Release|Any CPU
	EndGlobalSection
	GlobalSection(ProjectConfigurationPlatforms) = postSolution
		{95005E24-4B7C-44D3-B043-A6F7D6E745D1}.Debug|Any CPU.ActiveCfg = Debug|Any CPU
		{95005E24-4B7C-44D3-B043-A6F7D6E745D1}.Debug|Any CPU.Build.0 = Debug|Any CPU
		{95005E24-4B7C-44D3-B043-A6F7D6E745D1}.Release|Any CPU.ActiveCfg = Release|Any CPU
		{95005E24-4B7C-44D3-B043-A6F7D6E745D1}.Release|Any CPU.Build.0 = Release|Any CPU
		{1D32CA26-83CE-4F24-8718-AC40257AA7C3}.Debug|Any CPU.ActiveCfg = Debug|Any CPU
		{1D32CA26-83CE-4F24-8718-AC40257AA7C3}.Debug|Any CPU.Build.0 = Debug|Any CPU
		{1D32CA26-83CE-4F24-8718-AC40257AA7C3}.Release|Any CPU.ActiveCfg = Release|Any CPU
		{1D32CA26-83CE-4F24-8718-AC40257AA7C3}.Release|Any CPU.Build.0 = Release|Any CPU
		{8BB255FC-9E6C-49CB-A053-BCF0702E2622}.Debug|Any CPU.ActiveCfg = Debug|Any CPU
		{8BB255FC-9E6C-49CB-A053-BCF0702E2622}.Debug|Any CPU.Build.0 = Debug|Any CPU
		{8BB255FC-9E6C-49CB-A053-BCF0702E2622}.Release|Any CPU.ActiveCfg = Release|Any CPU
		{8BB255FC-9E6C-49CB-A053-BCF0702E2622}.Release|Any CPU.Build.0 = Release|Any CPU
	EndGlobalSection
	GlobalSection(SolutionProperties) = preSolution
		HideSolutionNode = FALSE
	EndGlobalSection
	GlobalSection(ExtensibilityGlobals) = postSolution
		SolutionGuid = {506B113E-3488-4458-B2DD-7D6F28CBFB06}
	EndGlobalSection
EndGlobal
